// !$*UTF8*$!
{
	archiveVersion = 1;
	classes = {
	};
	objectVersion = 46;
	objects = {

/* Begin PBXBuildFile section */
		D89298D31B4C22CE0037B00B /* AppDelegate.swift in Sources */ = {isa = PBXBuildFile; fileRef = D89298D21B4C22CE0037B00B /* AppDelegate.swift */; };
		D89298D61B4C22CE0037B00B /* Checklist.xcdatamodeld in Sources */ = {isa = PBXBuildFile; fileRef = D89298D41B4C22CE0037B00B /* Checklist.xcdatamodeld */; };
		D89298DB1B4C22CE0037B00B /* Main.storyboard in Resources */ = {isa = PBXBuildFile; fileRef = D89298D91B4C22CE0037B00B /* Main.storyboard */; };
		D89298DD1B4C22CE0037B00B /* Images.xcassets in Resources */ = {isa = PBXBuildFile; fileRef = D89298DC1B4C22CE0037B00B /* Images.xcassets */; };
		D89298E01B4C22CE0037B00B /* LaunchScreen.xib in Resources */ = {isa = PBXBuildFile; fileRef = D89298DE1B4C22CE0037B00B /* LaunchScreen.xib */; };
		D89298EC1B4C22CE0037B00B /* ChecklistTests.swift in Sources */ = {isa = PBXBuildFile; fileRef = D89298EB1B4C22CE0037B00B /* ChecklistTests.swift */; };
		D89298F61B4D134E0037B00B /* ItemsTableViewController.swift in Sources */ = {isa = PBXBuildFile; fileRef = D89298F51B4D134E0037B00B /* ItemsTableViewController.swift */; };
		D89298FA1B4D43310037B00B /* Item.swift in Sources */ = {isa = PBXBuildFile; fileRef = D89298F91B4D43310037B00B /* Item.swift */; };
		D89298FC1B4D5AD80037B00B /* CoreDataTableViewController.swift in Sources */ = {isa = PBXBuildFile; fileRef = D89298FB1B4D5AD80037B00B /* CoreDataTableViewController.swift */; };
		D89298FE1B4D804C0037B00B /* SortableMO.swift in Sources */ = {isa = PBXBuildFile; fileRef = D89298FD1B4D804C0037B00B /* SortableMO.swift */; };
/* End PBXBuildFile section */

/* Begin PBXContainerItemProxy section */
		D89298E61B4C22CE0037B00B /* PBXContainerItemProxy */ = {
			isa = PBXContainerItemProxy;
			containerPortal = D89298C51B4C22CE0037B00B /* Project object */;
			proxyType = 1;
			remoteGlobalIDString = D89298CC1B4C22CE0037B00B;
			remoteInfo = Checklist;
		};
/* End PBXContainerItemProxy section */

/* Begin PBXFileReference section */
		D89298CD1B4C22CE0037B00B /* Checklist.app */ = {isa = PBXFileReference; explicitFileType = wrapper.application; includeInIndex = 0; path = Checklist.app; sourceTree = BUILT_PRODUCTS_DIR; };
		D89298D11B4C22CE0037B00B /* Info.plist */ = {isa = PBXFileReference; lastKnownFileType = text.plist.xml; path = Info.plist; sourceTree = "<group>"; };
		D89298D21B4C22CE0037B00B /* AppDelegate.swift */ = {isa = PBXFileReference; lastKnownFileType = sourcecode.swift; path = AppDelegate.swift; sourceTree = "<group>"; };
		D89298D51B4C22CE0037B00B /* Checklist.xcdatamodel */ = {isa = PBXFileReference; lastKnownFileType = wrapper.xcdatamodel; path = Checklist.xcdatamodel; sourceTree = "<group>"; };
		D89298DA1B4C22CE0037B00B /* Base */ = {isa = PBXFileReference; lastKnownFileType = file.storyboard; name = Base; path = Base.lproj/Main.storyboard; sourceTree = "<group>"; };
		D89298DC1B4C22CE0037B00B /* Images.xcassets */ = {isa = PBXFileReference; lastKnownFileType = folder.assetcatalog; path = Images.xcassets; sourceTree = "<group>"; };
		D89298DF1B4C22CE0037B00B /* Base */ = {isa = PBXFileReference; lastKnownFileType = file.xib; name = Base; path = Base.lproj/LaunchScreen.xib; sourceTree = "<group>"; };
		D89298E51B4C22CE0037B00B /* ChecklistTests.xctest */ = {isa = PBXFileReference; explicitFileType = wrapper.cfbundle; includeInIndex = 0; path = ChecklistTests.xctest; sourceTree = BUILT_PRODUCTS_DIR; };
		D89298EA1B4C22CE0037B00B /* Info.plist */ = {isa = PBXFileReference; lastKnownFileType = text.plist.xml; path = Info.plist; sourceTree = "<group>"; };
		D89298EB1B4C22CE0037B00B /* ChecklistTests.swift */ = {isa = PBXFileReference; lastKnownFileType = sourcecode.swift; path = ChecklistTests.swift; sourceTree = "<group>"; };
		D89298F51B4D134E0037B00B /* ItemsTableViewController.swift */ = {isa = PBXFileReference; fileEncoding = 4; lastKnownFileType = sourcecode.swift; path = ItemsTableViewController.swift; sourceTree = "<group>"; };
		D89298F91B4D43310037B00B /* Item.swift */ = {isa = PBXFileReference; fileEncoding = 4; lastKnownFileType = sourcecode.swift; path = Item.swift; sourceTree = "<group>"; };
		D89298FB1B4D5AD80037B00B /* CoreDataTableViewController.swift */ = {isa = PBXFileReference; fileEncoding = 4; lastKnownFileType = sourcecode.swift; path = CoreDataTableViewController.swift; sourceTree = "<group>"; };
		D89298FD1B4D804C0037B00B /* SortableMO.swift */ = {isa = PBXFileReference; fileEncoding = 4; lastKnownFileType = sourcecode.swift; path = SortableMO.swift; sourceTree = "<group>"; };
/* End PBXFileReference section */

/* Begin PBXFrameworksBuildPhase section */
		D89298CA1B4C22CE0037B00B /* Frameworks */ = {
			isa = PBXFrameworksBuildPhase;
			buildActionMask = 2147483647;
			files = (
			);
			runOnlyForDeploymentPostprocessing = 0;
		};
		D89298E21B4C22CE0037B00B /* Frameworks */ = {
			isa = PBXFrameworksBuildPhase;
			buildActionMask = 2147483647;
			files = (
			);
			runOnlyForDeploymentPostprocessing = 0;
		};
/* End PBXFrameworksBuildPhase section */

/* Begin PBXGroup section */
		D89298C41B4C22CE0037B00B = {
			isa = PBXGroup;
			children = (
				D89298CF1B4C22CE0037B00B /* Checklist */,
				D89298E81B4C22CE0037B00B /* ChecklistTests */,
				D89298CE1B4C22CE0037B00B /* Products */,
			);
			sourceTree = "<group>";
		};
		D89298CE1B4C22CE0037B00B /* Products */ = {
			isa = PBXGroup;
			children = (
				D89298CD1B4C22CE0037B00B /* Checklist.app */,
				D89298E51B4C22CE0037B00B /* ChecklistTests.xctest */,
			);
			name = Products;
			sourceTree = "<group>";
		};
		D89298CF1B4C22CE0037B00B /* Checklist */ = {
			isa = PBXGroup;
			children = (
				D89298F51B4D134E0037B00B /* ItemsTableViewController.swift */,
				D89298D21B4C22CE0037B00B /* AppDelegate.swift */,
				D89298D91B4C22CE0037B00B /* Main.storyboard */,
				D89298FB1B4D5AD80037B00B /* CoreDataTableViewController.swift */,
				D89298DC1B4C22CE0037B00B /* Images.xcassets */,
				D89298DE1B4C22CE0037B00B /* LaunchScreen.xib */,
				D89298F91B4D43310037B00B /* Item.swift */,
				D89298FD1B4D804C0037B00B /* SortableMO.swift */,
				D89298D41B4C22CE0037B00B /* Checklist.xcdatamodeld */,
				D89298D01B4C22CE0037B00B /* Supporting Files */,
			);
			path = Checklist;
			sourceTree = "<group>";
		};
		D89298D01B4C22CE0037B00B /* Supporting Files */ = {
			isa = PBXGroup;
			children = (
				D89298D11B4C22CE0037B00B /* Info.plist */,
			);
			name = "Supporting Files";
			sourceTree = "<group>";
		};
		D89298E81B4C22CE0037B00B /* ChecklistTests */ = {
			isa = PBXGroup;
			children = (
				D89298EB1B4C22CE0037B00B /* ChecklistTests.swift */,
				D89298E91B4C22CE0037B00B /* Supporting Files */,
			);
			path = ChecklistTests;
			sourceTree = "<group>";
		};
		D89298E91B4C22CE0037B00B /* Supporting Files */ = {
			isa = PBXGroup;
			children = (
				D89298EA1B4C22CE0037B00B /* Info.plist */,
			);
			name = "Supporting Files";
			sourceTree = "<group>";
		};
/* End PBXGroup section */

/* Begin PBXNativeTarget section */
		D89298CC1B4C22CE0037B00B /* Checklist */ = {
			isa = PBXNativeTarget;
			buildConfigurationList = D89298EF1B4C22CE0037B00B /* Build configuration list for PBXNativeTarget "Checklist" */;
			buildPhases = (
				D89298C91B4C22CE0037B00B /* Sources */,
				D89298CA1B4C22CE0037B00B /* Frameworks */,
				D89298CB1B4C22CE0037B00B /* Resources */,
			);
			buildRules = (
			);
			dependencies = (
			);
			name = Checklist;
			productName = Checklist;
			productReference = D89298CD1B4C22CE0037B00B /* Checklist.app */;
			productType = "com.apple.product-type.application";
		};
		D89298E41B4C22CE0037B00B /* ChecklistTests */ = {
			isa = PBXNativeTarget;
			buildConfigurationList = D89298F21B4C22CE0037B00B /* Build configuration list for PBXNativeTarget "ChecklistTests" */;
			buildPhases = (
				D89298E11B4C22CE0037B00B /* Sources */,
				D89298E21B4C22CE0037B00B /* Frameworks */,
				D89298E31B4C22CE0037B00B /* Resources */,
			);
			buildRules = (
			);
			dependencies = (
				D89298E71B4C22CE0037B00B /* PBXTargetDependency */,
			);
			name = ChecklistTests;
			productName = ChecklistTests;
			productReference = D89298E51B4C22CE0037B00B /* ChecklistTests.xctest */;
			productType = "com.apple.product-type.bundle.unit-test";
		};
/* End PBXNativeTarget section */

/* Begin PBXProject section */
		D89298C51B4C22CE0037B00B /* Project object */ = {
			isa = PBXProject;
			attributes = {
				LastUpgradeCheck = 0640;
				ORGANIZATIONNAME = "Remus Lazar";
				TargetAttributes = {
					D89298CC1B4C22CE0037B00B = {
						CreatedOnToolsVersion = 6.4;
					};
					D89298E41B4C22CE0037B00B = {
						CreatedOnToolsVersion = 6.4;
						TestTargetID = D89298CC1B4C22CE0037B00B;
					};
				};
			};
			buildConfigurationList = D89298C81B4C22CE0037B00B /* Build configuration list for PBXProject "Checklist" */;
			compatibilityVersion = "Xcode 3.2";
			developmentRegion = English;
			hasScannedForEncodings = 0;
			knownRegions = (
				en,
				Base,
			);
			mainGroup = D89298C41B4C22CE0037B00B;
			productRefGroup = D89298CE1B4C22CE0037B00B /* Products */;
			projectDirPath = "";
			projectRoot = "";
			targets = (
				D89298CC1B4C22CE0037B00B /* Checklist */,
				D89298E41B4C22CE0037B00B /* ChecklistTests */,
			);
		};
/* End PBXProject section */

/* Begin PBXResourcesBuildPhase section */
		D89298CB1B4C22CE0037B00B /* Resources */ = {
			isa = PBXResourcesBuildPhase;
			buildActionMask = 2147483647;
			files = (
				D89298DB1B4C22CE0037B00B /* Main.storyboard in Resources */,
				D89298E01B4C22CE0037B00B /* LaunchScreen.xib in Resources */,
				D89298DD1B4C22CE0037B00B /* Images.xcassets in Resources */,
			);
			runOnlyForDeploymentPostprocessing = 0;
		};
		D89298E31B4C22CE0037B00B /* Resources */ = {
			isa = PBXResourcesBuildPhase;
			buildActionMask = 2147483647;
			files = (
			);
			runOnlyForDeploymentPostprocessing = 0;
		};
/* End PBXResourcesBuildPhase section */

/* Begin PBXSourcesBuildPhase section */
		D89298C91B4C22CE0037B00B /* Sources */ = {
			isa = PBXSourcesBuildPhase;
			buildActionMask = 2147483647;
			files = (
				D89298FA1B4D43310037B00B /* Item.swift in Sources */,
				D89298FE1B4D804C0037B00B /* SortableMO.swift in Sources */,
				D89298D61B4C22CE0037B00B /* Checklist.xcdatamodeld in Sources */,
				D89298D31B4C22CE0037B00B /* AppDelegate.swift in Sources */,
				D89298F61B4D134E0037B00B /* ItemsTableViewController.swift in Sources */,
				D89298FC1B4D5AD80037B00B /* CoreDataTableViewController.swift in Sources */,
			);
			runOnlyForDeploymentPostprocessing = 0;
		};
		D89298E11B4C22CE0037B00B /* Sources */ = {
			isa = PBXSourcesBuildPhase;
			buildActionMask = 2147483647;
			files = (
				D89298EC1B4C22CE0037B00B /* ChecklistTests.swift in Sources */,
			);
			runOnlyForDeploymentPostprocessing = 0;
		};
/* End PBXSourcesBuildPhase section */

/* Begin PBXTargetDependency section */
		D89298E71B4C22CE0037B00B /* PBXTargetDependency */ = {
			isa = PBXTargetDependency;
			target = D89298CC1B4C22CE0037B00B /* Checklist */;
			targetProxy = D89298E61B4C22CE0037B00B /* PBXContainerItemProxy */;
		};
/* End PBXTargetDependency section */

/* Begin PBXVariantGroup section */
		D89298D91B4C22CE0037B00B /* Main.storyboard */ = {
			isa = PBXVariantGroup;
			children = (
				D89298DA1B4C22CE0037B00B /* Base */,
			);
			name = Main.storyboard;
			sourceTree = "<group>";
		};
		D89298DE1B4C22CE0037B00B /* LaunchScreen.xib */ = {
			isa = PBXVariantGroup;
			children = (
				D89298DF1B4C22CE0037B00B /* Base */,
			);
			name = LaunchScreen.xib;
			sourceTree = "<group>";
		};
/* End PBXVariantGroup section */

/* Begin XCBuildConfiguration section */
		D89298ED1B4C22CE0037B00B /* Debug */ = {
			isa = XCBuildConfiguration;
			buildSettings = {
				ALWAYS_SEARCH_USER_PATHS = NO;
				CLANG_CXX_LANGUAGE_STANDARD = "gnu++0x";
				CLANG_CXX_LIBRARY = "libc++";
				CLANG_ENABLE_MODULES = YES;
				CLANG_ENABLE_OBJC_ARC = YES;
				CLANG_WARN_BOOL_CONVERSION = YES;
				CLANG_WARN_CONSTANT_CONVERSION = YES;
				CLANG_WARN_DIRECT_OBJC_ISA_USAGE = YES_ERROR;
				CLANG_WARN_EMPTY_BODY = YES;
				CLANG_WARN_ENUM_CONVERSION = YES;
				CLANG_WARN_INT_CONVERSION = YES;
				CLANG_WARN_OBJC_ROOT_CLASS = YES_ERROR;
				CLANG_WARN_UNREACHABLE_CODE = YES;
				CLANG_WARN__DUPLICATE_METHOD_MATCH = YES;
				"CODE_SIGN_IDENTITY[sdk=iphoneos*]" = "iPhone Developer";
				COPY_PHASE_STRIP = NO;
				DEBUG_INFORMATION_FORMAT = "dwarf-with-dsym";
				ENABLE_STRICT_OBJC_MSGSEND = YES;
				GCC_C_LANGUAGE_STANDARD = gnu99;
				GCC_DYNAMIC_NO_PIC = NO;
				GCC_NO_COMMON_BLOCKS = YES;
				GCC_OPTIMIZATION_LEVEL = 0;
				GCC_PREPROCESSOR_DEFINITIONS = (
					"DEBUG=1",
					"$(inherited)",
				);
				GCC_SYMBOLS_PRIVATE_EXTERN = NO;
				GCC_WARN_64_TO_32_BIT_CONVERSION = YES;
				GCC_WARN_ABOUT_RETURN_TYPE = YES_ERROR;
				GCC_WARN_UNDECLARED_SELECTOR = YES;
				GCC_WARN_UNINITIALIZED_AUTOS = YES_AGGRESSIVE;
				GCC_WARN_UNUSED_FUNCTION = YES;
				GCC_WARN_UNUSED_VARIABLE = YES;
				IPHONEOS_DEPLOYMENT_TARGET = 8.4;
				MTL_ENABLE_DEBUG_INFO = YES;
				ONLY_ACTIVE_ARCH = YES;
				SDKROOT = iphoneos;
				SWIFT_OPTIMIZATION_LEVEL = "-Onone";
				TARGETED_DEVICE_FAMILY = "1,2";
			};
			name = Debug;
		};
		D89298EE1B4C22CE0037B00B /* Release */ = {
			isa = XCBuildConfiguration;
			buildSettings = {
				ALWAYS_SEARCH_USER_PATHS = NO;
				CLANG_CXX_LANGUAGE_STANDARD = "gnu++0x";
				CLANG_CXX_LIBRARY = "libc++";
				CLANG_ENABLE_MODULES = YES;
				CLANG_ENABLE_OBJC_ARC = YES;
				CLANG_WARN_BOOL_CONVERSION = YES;
				CLANG_WARN_CONSTANT_CONVERSION = YES;
				CLANG_WARN_DIRECT_OBJC_ISA_USAGE = YES_ERROR;
				CLANG_WARN_EMPTY_BODY = YES;
				CLANG_WARN_ENUM_CONVERSION = YES;
				CLANG_WARN_INT_CONVERSION = YES;
				CLANG_WARN_OBJC_ROOT_CLASS = YES_ERROR;
				CLANG_WARN_UNREACHABLE_CODE = YES;
				CLANG_WARN__DUPLICATE_METHOD_MATCH = YES;
				"CODE_SIGN_IDENTITY[sdk=iphoneos*]" = "iPhone Developer";
				COPY_PHASE_STRIP = NO;
				DEBUG_INFORMATION_FORMAT = "dwarf-with-dsym";
				ENABLE_NS_ASSERTIONS = NO;
				ENABLE_STRICT_OBJC_MSGSEND = YES;
				GCC_C_LANGUAGE_STANDARD = gnu99;
				GCC_NO_COMMON_BLOCKS = YES;
				GCC_WARN_64_TO_32_BIT_CONVERSION = YES;
				GCC_WARN_ABOUT_RETURN_TYPE = YES_ERROR;
				GCC_WARN_UNDECLARED_SELECTOR = YES;
				GCC_WARN_UNINITIALIZED_AUTOS = YES_AGGRESSIVE;
				GCC_WARN_UNUSED_FUNCTION = YES;
				GCC_WARN_UNUSED_VARIABLE = YES;
				IPHONEOS_DEPLOYMENT_TARGET = 8.4;
				MTL_ENABLE_DEBUG_INFO = NO;
				SDKROOT = iphoneos;
				TARGETED_DEVICE_FAMILY = "1,2";
				VALIDATE_PRODUCT = YES;
			};
			name = Release;
		};
		D89298F01B4C22CE0037B00B /* Debug */ = {
			isa = XCBuildConfiguration;
			buildSettings = {
				ASSETCATALOG_COMPILER_APPICON_NAME = AppIcon;
				INFOPLIST_FILE = Checklist/Info.plist;
				LD_RUNPATH_SEARCH_PATHS = "$(inherited) @executable_path/Frameworks";
				PRODUCT_NAME = "$(TARGET_NAME)";
			};
			name = Debug;
		};
		D89298F11B4C22CE0037B00B /* Release */ = {
			isa = XCBuildConfiguration;
			buildSettings = {
				ASSETCATALOG_COMPILER_APPICON_NAME = AppIcon;
				INFOPLIST_FILE = Checklist/Info.plist;
				LD_RUNPATH_SEARCH_PATHS = "$(inherited) @executable_path/Frameworks";
				PRODUCT_NAME = "$(TARGET_NAME)";
			};
			name = Release;
		};
		D89298F31B4C22CE0037B00B /* Debug */ = {
			isa = XCBuildConfiguration;
			buildSettings = {
				BUNDLE_LOADER = "$(TEST_HOST)";
				FRAMEWORK_SEARCH_PATHS = (
					"$(SDKROOT)/Developer/Library/Frameworks",
					"$(inherited)",
				);
				GCC_PREPROCESSOR_DEFINITIONS = (
					"DEBUG=1",
					"$(inherited)",
				);
				INFOPLIST_FILE = ChecklistTests/Info.plist;
				LD_RUNPATH_SEARCH_PATHS = "$(inherited) @executable_path/Frameworks @loader_path/Frameworks";
				PRODUCT_NAME = "$(TARGET_NAME)";
				TEST_HOST = "$(BUILT_PRODUCTS_DIR)/Checklist.app/Checklist";
			};
			name = Debug;
		};
		D89298F41B4C22CE0037B00B /* Release */ = {
			isa = XCBuildConfiguration;
			buildSettings = {
				BUNDLE_LOADER = "$(TEST_HOST)";
				FRAMEWORK_SEARCH_PATHS = (
					"$(SDKROOT)/Developer/Library/Frameworks",
					"$(inherited)",
				);
				INFOPLIST_FILE = ChecklistTests/Info.plist;
				LD_RUNPATH_SEARCH_PATHS = "$(inherited) @executable_path/Frameworks @loader_path/Frameworks";
				PRODUCT_NAME = "$(TARGET_NAME)";
				TEST_HOST = "$(BUILT_PRODUCTS_DIR)/Checklist.app/Checklist";
			};
			name = Release;
		};
/* End XCBuildConfiguration section */

/* Begin XCConfigurationList section */
		D89298C81B4C22CE0037B00B /* Build configuration list for PBXProject "Checklist" */ = {
			isa = XCConfigurationList;
			buildConfigurations = (
				D89298ED1B4C22CE0037B00B /* Debug */,
				D89298EE1B4C22CE0037B00B /* Release */,
			);
			defaultConfigurationIsVisible = 0;
			defaultConfigurationName = Release;
		};
		D89298EF1B4C22CE0037B00B /* Build configuration list for PBXNativeTarget "Checklist" */ = {
			isa = XCConfigurationList;
			buildConfigurations = (
				D89298F01B4C22CE0037B00B /* Debug */,
				D89298F11B4C22CE0037B00B /* Release */,
			);
			defaultConfigurationIsVisible = 0;
		};
		D89298F21B4C22CE0037B00B /* Build configuration list for PBXNativeTarget "ChecklistTests" */ = {
			isa = XCConfigurationList;
			buildConfigurations = (
				D89298F31B4C22CE0037B00B /* Debug */,
				D89298F41B4C22CE0037B00B /* Release */,
			);
			defaultConfigurationIsVisible = 0;
		};
/* End XCConfigurationList section */

/* Begin XCVersionGroup section */
		D89298D41B4C22CE0037B00B /* Checklist.xcdatamodeld */ = {
			isa = XCVersionGroup;
			children = (
				D89298D51B4C22CE0037B00B /* Checklist.xcdatamodel */,
			);
			currentVersion = D89298D51B4C22CE0037B00B /* Checklist.xcdatamodel */;
			path = Checklist.xcdatamodeld;
			sourceTree = "<group>";
			versionGroupType = wrapper.xcdatamodel;
		};
/* End XCVersionGroup section */
	};
	rootObject = D89298C51B4C22CE0037B00B /* Project object */;
}
